github.com/eclipse/paho.mqtt.golang v1.5.1 h1:/VSOv3oDLlpqR2Epjn1Q7b2bSTplJIeV2ISgCl2W7nE=
github.com/eclipse/paho.mqtt.golang v1.5.1/go.mod h1:1/yJCneuyOoCOzKSsOTUc0AJfpsItBGWvYpBLimhArU=
github.com/gorilla/websocket v1.5.3 h1:saDtZ6Pbx/0u+bgYQ3q96pZgCzfhKXGPqt7kZ72aNNg=
github.com/gorilla/websocket v1.5.3/go.mod h1:YR8l580nyteQvAITg2hZ9XVh4b55+EU/adAjf1fMHhE=
github.com/klauspost/compress v1.18.2 h1:iiPHWW0YrcFgpBYhsA6D1+fqHssJscY/Tm/y2Uqnapk=
github.com/klauspost/compress v1.18.2/go.mod h1:R0h/fSBs8DE4ENlcrlib3PsXS61voFxhIs2DeRhCvJ4=
github.com/nats-io/nats.go v1.49.0 h1:yh/WvY59gXqYpgl33ZI+XoVPKyut/IcEaqtsiuTJpoE=
github.com/nats-io/nats.go v1.49.0/go.mod h1:fDCn3mN5cY8HooHwE2ukiLb4p4G4ImmzvXyJt+tGwdw=
github.com/nats-io/nkeys v0.4.12 h1:nssm7JKOG9/x4J8II47VWCL1Ds29avyiQDRn0ckMvDc=
github.com/nats-io/nkeys v0.4.12/go.mod h1:MT59A1HYcjIcyQDJStTfaOY6vhy9XTUjOFo+SVsvpBg=
github.com/nats-io/nuid v1.0.1 h1:5iA8DT8V7q8WK2EScv2padNa/rTESc1KdnPw4TC2paw=
github.com/nats-io/nuid v1.0.1/go.mod h1:19wcPz3Ph3q0Jbyiqsd0kePYG7A95tJPxeL+1OSON2c=
github.com/slidebolt/sdk-entities v0.0.2 h1:Mm94tZsEA20q8bIl28jCYxpZAfoTC8gVx0MXTkFQCco=
github.com/slidebolt/sdk-entities v0.0.2/go.mod h1:d1XCXeBbAerbLWzcxnn7V2KxNimP8/k57+lCALM0RcU=
github.com/slidebolt/sdk-runner v0.0.2 h1:53SzUyTYDCzuB8tguCkckmKJmJY/aOH24Gq9q8t5T80=
github.com/slidebolt/sdk-runner v0.0.2/go.mod h1:Xiziq0fIeDJD2CUrddCH3vQoGtHSOJqH8zn9eH/pCKg=
github.com/slidebolt/sdk-types v0.0.1 h1:mnR787XwAY6y4KNAWZDQ11P/dflFsNLVgaBIzEmb8XY=
github.com/slidebolt/sdk-types v0.0.1/go.mod h1:/hqN6E9IAc5mm4Nx4DGfIidoKgELdPHfr30uSdNRgTM=
golang.org/x/crypto v0.46.0 h1:cKRW/pmt1pKAfetfu+RCEvjvZkA9RimPbh7bhFjGVBU=
golang.org/x/crypto v0.46.0/go.mod h1:Evb/oLKmMraqjZ2iQTwDwvCtJkczlDuTmdJXoZVzqU0=
golang.org/x/net v0.47.0 h1:Mx+4dIFzqraBXUugkia1OOvlD6LemFo1ALMHjrXDOhY=
golang.org/x/net v0.47.0/go.mod h1:/jNxtkgq5yWUGYkaZGqo27cfGZ1c5Nen03aYrrKpVRU=
golang.org/x/sync v0.17.0 h1:l60nONMj9l5drqw6jlhIELNv9I0A4OFgRsG9k2oT9Ug=
golang.org/x/sync v0.17.0/go.mod h1:9KTHXmSnoGruLpwFjVSX0lNNA75CykiMECbovNTZqGI=
golang.org/x/sys v0.39.0 h1:CvCKL8MeisomCi6qNZ+wbb0DN9E5AATixKsvNtMoMFk=
golang.org/x/sys v0.39.0/go.mod h1:OgkHotnGiDImocRcuBABYBEXf8A9a87e/uXjp9XT3ks=
