github.com/eclipse/paho.mqtt.golang v1.5.1 h1:/VSOv3oDLlpqR2Epjn1Q7b2bSTplJIeV2ISgCl2W7nE=
github.com/eclipse/paho.mqtt.golang v1.5.1/go.mod h1:1/yJCneuyOoCOzKSsOTUc0AJfpsItBGWvYpBLimhArU=
github.com/gorilla/websocket v1.5.3 h1:saDtZ6Pbx/0u+bgYQ3q96pZgCzfhKXGPqt7kZ72aNNg=
github.com/gorilla/websocket v1.5.3/go.mod h1:YR8l580nyteQvAITg2hZ9XVh4b55+EU/adAjf1fMHhE=
github.com/klauspost/compress v1.18.4 h1:RPhnKRAQ4Fh8zU2FY/6ZFDwTVTxgJ/EMydqSTzE9a2c=
github.com/klauspost/compress v1.18.4/go.mod h1:R0h/fSBs8DE4ENlcrlib3PsXS61voFxhIs2DeRhCvJ4=
github.com/nats-io/nats.go v1.49.0 h1:yh/WvY59gXqYpgl33ZI+XoVPKyut/IcEaqtsiuTJpoE=
github.com/nats-io/nats.go v1.49.0/go.mod h1:fDCn3mN5cY8HooHwE2ukiLb4p4G4ImmzvXyJt+tGwdw=
github.com/nats-io/nkeys v0.4.15 h1:JACV5jRVO9V856KOapQ7x+EY8Jo3qw1vJt/9Jpwzkk4=
github.com/nats-io/nkeys v0.4.15/go.mod h1:CpMchTXC9fxA5zrMo4KpySxNjiDVvr8ANOSZdiNfUrs=
github.com/nats-io/nuid v1.0.1 h1:5iA8DT8V7q8WK2EScv2padNa/rTESc1KdnPw4TC2paw=
github.com/nats-io/nuid v1.0.1/go.mod h1:19wcPz3Ph3q0Jbyiqsd0kePYG7A95tJPxeL+1OSON2c=
github.com/slidebolt/sdk-entities v1.1.0 h1:QYYRPOXz1VVyF2iwYCnkU9IUjWtvQ8yPyBPckHUrdWE=
github.com/slidebolt/sdk-entities v1.1.0/go.mod h1:sZ/dIpxkXwaBPfF3X2AuXYkPmJ6+pC7eTqISBk2exqg=
github.com/slidebolt/sdk-runner v1.1.0 h1:GWUZVZgp09uj8Nqw0dtQBlgpEW+9BAS9lEd9sPmRIRk=
github.com/slidebolt/sdk-runner v1.1.0/go.mod h1:GXMvpH0NL1j0MPY3KWqktaGntIDO2LhW7zN9TarsxVM=
github.com/slidebolt/sdk-types v1.1.0 h1:skar8e6euxhT3vjSvlkjiY9FE2QcmVKhYgoRdMA5wfk=
github.com/slidebolt/sdk-types v1.1.0/go.mod h1:/hqN6E9IAc5mm4Nx4DGfIidoKgELdPHfr30uSdNRgTM=
github.com/yuin/gopher-lua v1.1.1 h1:kYKnWBjvbNP4XLT3+bPEwAXJx262OhaHDWDVOPjL46M=
github.com/yuin/gopher-lua v1.1.1/go.mod h1:GBR0iDaNXjAgGg9zfCvksxSRnQx76gclCIb7kdAd1Pw=
golang.org/x/crypto v0.48.0 h1:/VRzVqiRSggnhY7gNRxPauEQ5Drw9haKdM0jqfcCFts=
golang.org/x/crypto v0.48.0/go.mod h1:r0kV5h3qnFPlQnBSrULhlsRfryS2pmewsg+XfMgkVos=
golang.org/x/net v0.49.0 h1:eeHFmOGUTtaaPSGNmjBKpbng9MulQsJURQUAfUwY++o=
golang.org/x/net v0.49.0/go.mod h1:/ysNB2EvaqvesRkuLAyjI1ycPZlQHM3q01F02UY/MV8=
golang.org/x/sync v0.17.0 h1:l60nONMj9l5drqw6jlhIELNv9I0A4OFgRsG9k2oT9Ug=
golang.org/x/sync v0.17.0/go.mod h1:9KTHXmSnoGruLpwFjVSX0lNNA75CykiMECbovNTZqGI=
golang.org/x/sys v0.41.0 h1:Ivj+2Cp/ylzLiEU89QhWblYnOE9zerudt9Ftecq2C6k=
golang.org/x/sys v0.41.0/go.mod h1:OgkHotnGiDImocRcuBABYBEXf8A9a87e/uXjp9XT3ks=
